
Microsoft Visual Studio Solution File, Format Version 12.00
# Visual Studio 14
VisualStudioVersion = 14.0.25420.1
MinimumVisualStudioVersion = 10.0.40219.1
Project("{FAE04EC0-301F-11D3-BF4B-00C04F79EFBC}") = "PatternApplication", "PatternApplication\PatternApplication.csproj", "{25417DAE-4DC7-428C-A3DC-F96FAF5EEB4C}"
EndProject
Project("{FAE04EC0-301F-11D3-BF4B-00C04F79EFBC}") = "Model", "Model\Model.csproj", "{BBD3E6FB-BF4F-427C-97EB-3AC9C29CB179}"
EndProject
Project("{FAE04EC0-301F-11D3-BF4B-00C04F79EFBC}") = "Controller", "Controller\Controller.csproj", "{6839197D-43AE-451C-8DCF-92A7A5C113B1}"
EndProject
Global
	GlobalSection(SolutionConfigurationPlatforms) = preSolution
		Debug|Any CPU = Debug|Any CPU
		Release|Any CPU = Release|Any CPU
	EndGlobalSection
	GlobalSection(ProjectConfigurationPlatforms) = postSolution
		{25417DAE-4DC7-428C-A3DC-F96FAF5EEB4C}.Debug|Any CPU.ActiveCfg = Debug|Any CPU
		{25417DAE-4DC7-428C-A3DC-F96FAF5EEB4C}.Debug|Any CPU.Build.0 = Debug|Any CPU
		{25417DAE-4DC7-428C-A3DC-F96FAF5EEB4C}.Release|Any CPU.ActiveCfg = Release|Any CPU
		{25417DAE-4DC7-428C-A3DC-F96FAF5EEB4C}.Release|Any CPU.Build.0 = Release|Any CPU
		{BBD3E6FB-BF4F-427C-97EB-3AC9C29CB179}.Debug|Any CPU.ActiveCfg = Debug|Any CPU
		{BBD3E6FB-BF4F-427C-97EB-3AC9C29CB179}.Debug|Any CPU.Build.0 = Debug|Any CPU
		{BBD3E6FB-BF4F-427C-97EB-3AC9C29CB179}.Release|Any CPU.ActiveCfg = Release|Any CPU
		{BBD3E6FB-BF4F-427C-97EB-3AC9C29CB179}.Release|Any CPU.Build.0 = Release|Any CPU
		{6839197D-43AE-451C-8DCF-92A7A5C113B1}.Debug|Any CPU.ActiveCfg = Debug|Any CPU
		{6839197D-43AE-451C-8DCF-92A7A5C113B1}.Debug|Any CPU.Build.0 = Debug|Any CPU
		{6839197D-43AE-451C-8DCF-92A7A5C113B1}.Release|Any CPU.ActiveCfg = Release|Any CPU
		{6839197D-43AE-451C-8DCF-92A7A5C113B1}.Release|Any CPU.Build.0 = Release|Any CPU
	EndGlobalSection
	GlobalSection(SolutionProperties) = preSolution
		HideSolutionNode = FALSE
	EndGlobalSection
EndGlobal
